
Microsoft Visual Studio Solution File, Format Version 12.00
# Visual Studio Version 17
VisualStudioVersion = 17.8.34408.163
MinimumVisualStudioVersion = 10.0.40219.1
Project("{FAE04EC0-301F-11D3-BF4B-00C04F79EFBC}") = "Form1", "Form1.csproj", "{897AC0F7-6E0C-4302-90BF-C8C865C41FD4}"
EndProject
Global
	GlobalSection(SolutionConfigurationPlatforms) = preSolution
		Debug|Any CPU = Debug|Any CPU
		Release|Any CPU = Release|Any CPU
	EndGlobalSection
	GlobalSection(ProjectConfigurationPlatforms) = postSolution
		{897AC0F7-6E0C-4302-90BF-C8C865C41FD4}.Debug|Any CPU.ActiveCfg = Debug|Any CPU
		{897AC0F7-6E0C-4302-90BF-C8C865C41FD4}.Debug|Any CPU.Build.0 = Debug|Any CPU
		{897AC0F7-6E0C-4302-90BF-C8C865C41FD4}.Release|Any CPU.ActiveCfg = Release|Any CPU
		{897AC0F7-6E0C-4302-90BF-C8C865C41FD4}.Release|Any CPU.Build.0 = Release|Any CPU
	EndGlobalSection
	GlobalSection(SolutionProperties) = preSolution
		HideSolutionNode = FALSE
	EndGlobalSection
	GlobalSection(ExtensibilityGlobals) = postSolution
		SolutionGuid = {353C11B7-601A-4C2F-B210-A45D9B646199}
	EndGlobalSection
EndGlobal
